Microsoft Visual Studio Solution File, Format Version 11.00
# Visual Studio 2008

Project("{6CD4B4FA-EC92-C5BC-02FA-F91668F50C2B}") = "cartograph", "Assembly-CSharp.csproj", "{C319D5C3-3CCF-B650-D3FC-B8C9B365D6C5}"
EndProject
Global
	GlobalSection(SolutionConfigurationPlatforms) = preSolution
		Debug|Any CPU = Debug|Any CPU
		Release|Any CPU = Release|Any CPU
	EndGlobalSection
	GlobalSection(ProjectConfigurationPlatforms) = postSolution
		{C319D5C3-3CCF-B650-D3FC-B8C9B365D6C5}.Debug|Any CPU.ActiveCfg = Debug|Any CPU
		{C319D5C3-3CCF-B650-D3FC-B8C9B365D6C5}.Debug|Any CPU.Build.0 = Debug|Any CPU
		{C319D5C3-3CCF-B650-D3FC-B8C9B365D6C5}.Release|Any CPU.ActiveCfg = Release|Any CPU
		{C319D5C3-3CCF-B650-D3FC-B8C9B365D6C5}.Release|Any CPU.Build.0 = Release|Any CPU
	EndGlobalSection
	GlobalSection(SolutionProperties) = preSolution
		HideSolutionNode = FALSE
	EndGlobalSection
	GlobalSection(MonoDevelopProperties) = preSolution
		StartupItem = Assembly-CSharp.csproj
	EndGlobalSection
EndGlobal
