Microsoft Visual Studio Solution File, Format Version 11.00
# Visual Studio 2008

Project("{A03C14D0-F446-ACDD-3D67-05A53D24618B}") = "uAlpha01", "Assembly-CSharp.csproj", "{DA0EAED8-C833-FF94-01FE-E19AA6CA00E0}"
EndProject
Global
	GlobalSection(SolutionConfigurationPlatforms) = preSolution
		Debug|Any CPU = Debug|Any CPU
		Release|Any CPU = Release|Any CPU
	EndGlobalSection
	GlobalSection(ProjectConfigurationPlatforms) = postSolution
		{DA0EAED8-C833-FF94-01FE-E19AA6CA00E0}.Debug|Any CPU.ActiveCfg = Debug|Any CPU
		{DA0EAED8-C833-FF94-01FE-E19AA6CA00E0}.Debug|Any CPU.Build.0 = Debug|Any CPU
		{DA0EAED8-C833-FF94-01FE-E19AA6CA00E0}.Release|Any CPU.ActiveCfg = Release|Any CPU
		{DA0EAED8-C833-FF94-01FE-E19AA6CA00E0}.Release|Any CPU.Build.0 = Release|Any CPU
	EndGlobalSection
	GlobalSection(SolutionProperties) = preSolution
		HideSolutionNode = FALSE
	EndGlobalSection
	GlobalSection(MonoDevelopProperties) = preSolution
		StartupItem = Assembly-CSharp.csproj
	EndGlobalSection
EndGlobal
